
Microsoft Visual Studio Solution File, Format Version 12.00
# Visual Studio Version 17
VisualStudioVersion = 17.1.32414.318
MinimumVisualStudioVersion = 10.0.40219.1
Project("{FAE04EC0-301F-11D3-BF4B-00C04F79EFBC}") = "MvcMovie", "MvcMovie\MvcMovie.csproj", "{B57DDE5F-1C5B-43EC-ACE5-3B8CE1419E8B}"
EndProject
Global
	GlobalSection(SolutionConfigurationPlatforms) = preSolution
		Debug|Any CPU = Debug|Any CPU
		Release|Any CPU = Release|Any CPU
	EndGlobalSection
	GlobalSection(ProjectConfigurationPlatforms) = postSolution
		{B57DDE5F-1C5B-43EC-ACE5-3B8CE1419E8B}.Debug|Any CPU.ActiveCfg = Debug|Any CPU
		{B57DDE5F-1C5B-43EC-ACE5-3B8CE1419E8B}.Debug|Any CPU.Build.0 = Debug|Any CPU
		{B57DDE5F-1C5B-43EC-ACE5-3B8CE1419E8B}.Release|Any CPU.ActiveCfg = Release|Any CPU
		{B57DDE5F-1C5B-43EC-ACE5-3B8CE1419E8B}.Release|Any CPU.Build.0 = Release|Any CPU
	EndGlobalSection
	GlobalSection(SolutionProperties) = preSolution
		HideSolutionNode = FALSE
	EndGlobalSection
	GlobalSection(ExtensibilityGlobals) = postSolution
		SolutionGuid = {D5EBDE99-C795-43CC-A8C6-10FBEDA5A7A5}
	EndGlobalSection
EndGlobal
